// !$*UTF8*$!
{
	archiveVersion = 1;
	classes = {
	};
	objectVersion = 50;
	objects = {

/* Begin PBXBuildFile section */
		000D802B2427F738005E0CA1 /* AppIconsViewController.swift in Sources */ = {isa = PBXBuildFile; fileRef = 000D802A2427F738005E0CA1 /* AppIconsViewController.swift */; };
		0047C08223F4ECB20097BB55 /* shadow@2x.png in Resources */ = {isa = PBXBuildFile; fileRef = 0047C07D23F4ECB20097BB55 /* shadow@2x.png */; };
		0047C08323F4ECB20097BB55 /* glyph@2x.png in Resources */ = {isa = PBXBuildFile; fileRef = 0047C07E23F4ECB20097BB55 /* glyph@2x.png */; };
		0047C08423F4ECB20097BB55 /* fade@2x.png in Resources */ = {isa = PBXBuildFile; fileRef = 0047C07F23F4ECB20097BB55 /* fade@2x.png */; };
		0047C08523F4ECB20097BB55 /* figurerDark@2x.png in Resources */ = {isa = PBXBuildFile; fileRef = 0047C08023F4ECB20097BB55 /* figurerDark@2x.png */; };
		0047C08623F4ECB20097BB55 /* orange@2x.png in Resources */ = {isa = PBXBuildFile; fileRef = 0047C08123F4ECB20097BB55 /* orange@2x.png */; };
		00C4E63D23EB7AC8005E125D /* AppDelegate.swift in Sources */ = {isa = PBXBuildFile; fileRef = 00C4E63C23EB7AC8005E125D /* AppDelegate.swift */; };
		00C4E63F23EB7AC8005E125D /* SceneDelegate.swift in Sources */ = {isa = PBXBuildFile; fileRef = 00C4E63E23EB7AC8005E125D /* SceneDelegate.swift */; };
		00C4E64423EB7AC8005E125D /* Main.storyboard in Resources */ = {isa = PBXBuildFile; fileRef = 00C4E64223EB7AC8005E125D /* Main.storyboard */; };
		00C4E64623EB7AC9005E125D /* Assets.xcassets in Resources */ = {isa = PBXBuildFile; fileRef = 00C4E64523EB7AC9005E125D /* Assets.xcassets */; };
		00C4E64923EB7AC9005E125D /* LaunchScreen.storyboard in Resources */ = {isa = PBXBuildFile; fileRef = 00C4E64723EB7AC9005E125D /* LaunchScreen.storyboard */; };
		00CC6E542435376800BFED5B /* IconAlertViewController.swift in Sources */ = {isa = PBXBuildFile; fileRef = 00CC6E532435376800BFED5B /* IconAlertViewController.swift */; };
		5D4B27E023F21D8100A23478 /* OptionsViewController.swift in Sources */ = {isa = PBXBuildFile; fileRef = 5D4B27DF23F21D8100A23478 /* OptionsViewController.swift */; };
		5D4B27E223F220A500A23478 /* Settings.bundle in Resources */ = {isa = PBXBuildFile; fileRef = 5D4B27E123F220A500A23478 /* Settings.bundle */; };
		5D791A5923F51A8000C406A6 /* Functions.swift in Sources */ = {isa = PBXBuildFile; fileRef = 5D791A5823F51A8000C406A6 /* Functions.swift */; };
		5D791A6123F6558400C406A6 /* divideby0.png in Resources */ = {isa = PBXBuildFile; fileRef = 5D791A6023F6558400C406A6 /* divideby0.png */; };
		5D791A6323F6558A00C406A6 /* sqrtofnegative.png in Resources */ = {isa = PBXBuildFile; fileRef = 5D791A6223F6558900C406A6 /* sqrtofnegative.png */; };
		5D9CEC0E23EBE8B9004521D8 /* CalculatorViewController.swift in Sources */ = {isa = PBXBuildFile; fileRef = 5D9CEC0D23EBE8B9004521D8 /* CalculatorViewController.swift */; };
/* End PBXBuildFile section */

/* Begin PBXFileReference section */
		000D802A2427F738005E0CA1 /* AppIconsViewController.swift */ = {isa = PBXFileReference; lastKnownFileType = sourcecode.swift; path = AppIconsViewController.swift; sourceTree = "<group>"; };
		0047C07D23F4ECB20097BB55 /* shadow@2x.png */ = {isa = PBXFileReference; lastKnownFileType = image.png; path = "shadow@2x.png"; sourceTree = "<group>"; };
		0047C07E23F4ECB20097BB55 /* glyph@2x.png */ = {isa = PBXFileReference; lastKnownFileType = image.png; path = "glyph@2x.png"; sourceTree = "<group>"; };
		0047C07F23F4ECB20097BB55 /* fade@2x.png */ = {isa = PBXFileReference; lastKnownFileType = image.png; path = "fade@2x.png"; sourceTree = "<group>"; };
		0047C08023F4ECB20097BB55 /* figurerDark@2x.png */ = {isa = PBXFileReference; lastKnownFileType = image.png; path = "figurerDark@2x.png"; sourceTree = "<group>"; };
		0047C08123F4ECB20097BB55 /* orange@2x.png */ = {isa = PBXFileReference; lastKnownFileType = image.png; path = "orange@2x.png"; sourceTree = "<group>"; };
		0088160123EBB68B00F6B4C6 /* Figurer.entitlements */ = {isa = PBXFileReference; lastKnownFileType = text.plist.entitlements; path = Figurer.entitlements; sourceTree = "<group>"; };
		00C4E63923EB7AC8005E125D /* Figurer.app */ = {isa = PBXFileReference; explicitFileType = wrapper.application; includeInIndex = 0; path = Figurer.app; sourceTree = BUILT_PRODUCTS_DIR; };
		00C4E63C23EB7AC8005E125D /* AppDelegate.swift */ = {isa = PBXFileReference; lastKnownFileType = sourcecode.swift; path = AppDelegate.swift; sourceTree = "<group>"; };
		00C4E63E23EB7AC8005E125D /* SceneDelegate.swift */ = {isa = PBXFileReference; lastKnownFileType = sourcecode.swift; path = SceneDelegate.swift; sourceTree = "<group>"; };
		00C4E64323EB7AC8005E125D /* Base */ = {isa = PBXFileReference; lastKnownFileType = file.storyboard; name = Base; path = Base.lproj/Main.storyboard; sourceTree = "<group>"; };
		00C4E64523EB7AC9005E125D /* Assets.xcassets */ = {isa = PBXFileReference; lastKnownFileType = folder.assetcatalog; path = Assets.xcassets; sourceTree = "<group>"; };
		00C4E64823EB7AC9005E125D /* Base */ = {isa = PBXFileReference; lastKnownFileType = file.storyboard; name = Base; path = Base.lproj/LaunchScreen.storyboard; sourceTree = "<group>"; };
		00C4E64A23EB7AC9005E125D /* Info.plist */ = {isa = PBXFileReference; lastKnownFileType = text.plist.xml; path = Info.plist; sourceTree = "<group>"; };
		00CC6E532435376800BFED5B /* IconAlertViewController.swift */ = {isa = PBXFileReference; lastKnownFileType = sourcecode.swift; path = IconAlertViewController.swift; sourceTree = "<group>"; };
		5D4B27DF23F21D8100A23478 /* OptionsViewController.swift */ = {isa = PBXFileReference; lastKnownFileType = sourcecode.swift; path = OptionsViewController.swift; sourceTree = "<group>"; };
		5D4B27E123F220A500A23478 /* Settings.bundle */ = {isa = PBXFileReference; lastKnownFileType = "wrapper.plug-in"; path = Settings.bundle; sourceTree = "<group>"; };
		5D791A5823F51A8000C406A6 /* Functions.swift */ = {isa = PBXFileReference; lastKnownFileType = sourcecode.swift; path = Functions.swift; sourceTree = "<group>"; };
		5D791A6023F6558400C406A6 /* divideby0.png */ = {isa = PBXFileReference; lastKnownFileType = image.png; path = divideby0.png; sourceTree = "<group>"; };
		5D791A6223F6558900C406A6 /* sqrtofnegative.png */ = {isa = PBXFileReference; lastKnownFileType = image.png; path = sqrtofnegative.png; sourceTree = "<group>"; };
		5D9CEC0D23EBE8B9004521D8 /* CalculatorViewController.swift */ = {isa = PBXFileReference; lastKnownFileType = sourcecode.swift; path = CalculatorViewController.swift; sourceTree = "<group>"; };
/* End PBXFileReference section */

/* Begin PBXFrameworksBuildPhase section */
		00C4E63623EB7AC8005E125D /* Frameworks */ = {
			isa = PBXFrameworksBuildPhase;
			buildActionMask = 2147483647;
			files = (
			);
			runOnlyForDeploymentPostprocessing = 0;
		};
/* End PBXFrameworksBuildPhase section */

/* Begin PBXGroup section */
		0047C07223F4EC560097BB55 /* AltIcons */ = {
			isa = PBXGroup;
			children = (
				0047C07F23F4ECB20097BB55 /* fade@2x.png */,
				0047C08023F4ECB20097BB55 /* figurerDark@2x.png */,
				0047C07E23F4ECB20097BB55 /* glyph@2x.png */,
				0047C08123F4ECB20097BB55 /* orange@2x.png */,
				0047C07D23F4ECB20097BB55 /* shadow@2x.png */,
				5D791A6023F6558400C406A6 /* divideby0.png */,
				5D791A6223F6558900C406A6 /* sqrtofnegative.png */,
			);
			path = AltIcons;
			sourceTree = "<group>";
		};
		00C4E63023EB7AC8005E125D = {
			isa = PBXGroup;
			children = (
				00C4E63B23EB7AC8005E125D /* Figurer */,
				00C4E63A23EB7AC8005E125D /* Products */,
			);
			sourceTree = "<group>";
		};
		00C4E63A23EB7AC8005E125D /* Products */ = {
			isa = PBXGroup;
			children = (
				00C4E63923EB7AC8005E125D /* Figurer.app */,
			);
			name = Products;
			sourceTree = "<group>";
		};
		00C4E63B23EB7AC8005E125D /* Figurer */ = {
			isa = PBXGroup;
			children = (
				0047C07223F4EC560097BB55 /* AltIcons */,
				5D4B27E123F220A500A23478 /* Settings.bundle */,
				0088160123EBB68B00F6B4C6 /* Figurer.entitlements */,
				00C4E63C23EB7AC8005E125D /* AppDelegate.swift */,
				00C4E63E23EB7AC8005E125D /* SceneDelegate.swift */,
				5D9CEC0D23EBE8B9004521D8 /* CalculatorViewController.swift */,
				5D4B27DF23F21D8100A23478 /* OptionsViewController.swift */,
				000D802A2427F738005E0CA1 /* AppIconsViewController.swift */,
				5D791A5823F51A8000C406A6 /* Functions.swift */,
				00C4E64223EB7AC8005E125D /* Main.storyboard */,
				00CC6E532435376800BFED5B /* IconAlertViewController.swift */,
				00C4E64523EB7AC9005E125D /* Assets.xcassets */,
				00C4E64723EB7AC9005E125D /* LaunchScreen.storyboard */,
				00C4E64A23EB7AC9005E125D /* Info.plist */,
			);
			path = Figurer;
			sourceTree = "<group>";
		};
/* End PBXGroup section */

/* Begin PBXNativeTarget section */
		00C4E63823EB7AC8005E125D /* Figurer */ = {
			isa = PBXNativeTarget;
			buildConfigurationList = 00C4E64D23EB7AC9005E125D /* Build configuration list for PBXNativeTarget "Figurer" */;
			buildPhases = (
				00C4E63523EB7AC8005E125D /* Sources */,
				00C4E63623EB7AC8005E125D /* Frameworks */,
				00C4E63723EB7AC8005E125D /* Resources */,
			);
			buildRules = (
			);
			dependencies = (
			);
			name = Figurer;
			productName = Figurer;
			productReference = 00C4E63923EB7AC8005E125D /* Figurer.app */;
			productType = "com.apple.product-type.application";
		};
/* End PBXNativeTarget section */

/* Begin PBXProject section */
		00C4E63123EB7AC8005E125D /* Project object */ = {
			isa = PBXProject;
			attributes = {
				LastSwiftUpdateCheck = 1130;
				LastUpgradeCheck = 1130;
				ORGANIZATIONNAME = "The Morning Company";
				TargetAttributes = {
					00C4E63823EB7AC8005E125D = {
						CreatedOnToolsVersion = 11.3.1;
					};
				};
			};
			buildConfigurationList = 00C4E63423EB7AC8005E125D /* Build configuration list for PBXProject "Figurer" */;
			compatibilityVersion = "Xcode 9.3";
			developmentRegion = en;
			hasScannedForEncodings = 0;
			knownRegions = (
				en,
				Base,
			);
			mainGroup = 00C4E63023EB7AC8005E125D;
			productRefGroup = 00C4E63A23EB7AC8005E125D /* Products */;
			projectDirPath = "";
			projectRoot = "";
			targets = (
				00C4E63823EB7AC8005E125D /* Figurer */,
			);
		};
/* End PBXProject section */

/* Begin PBXResourcesBuildPhase section */
		00C4E63723EB7AC8005E125D /* Resources */ = {
			isa = PBXResourcesBuildPhase;
			buildActionMask = 2147483647;
			files = (
				5D4B27E223F220A500A23478 /* Settings.bundle in Resources */,
				00C4E64923EB7AC9005E125D /* LaunchScreen.storyboard in Resources */,
				5D791A6323F6558A00C406A6 /* sqrtofnegative.png in Resources */,
				00C4E64623EB7AC9005E125D /* Assets.xcassets in Resources */,
				0047C08323F4ECB20097BB55 /* glyph@2x.png in Resources */,
				5D791A6123F6558400C406A6 /* divideby0.png in Resources */,
				0047C08423F4ECB20097BB55 /* fade@2x.png in Resources */,
				0047C08523F4ECB20097BB55 /* figurerDark@2x.png in Resources */,
				0047C08223F4ECB20097BB55 /* shadow@2x.png in Resources */,
				00C4E64423EB7AC8005E125D /* Main.storyboard in Resources */,
				0047C08623F4ECB20097BB55 /* orange@2x.png in Resources */,
			);
			runOnlyForDeploymentPostprocessing = 0;
		};
/* End PBXResourcesBuildPhase section */

/* Begin PBXSourcesBuildPhase section */
		00C4E63523EB7AC8005E125D /* Sources */ = {
			isa = PBXSourcesBuildPhase;
			buildActionMask = 2147483647;
			files = (
				00C4E63D23EB7AC8005E125D /* AppDelegate.swift in Sources */,
				00CC6E542435376800BFED5B /* IconAlertViewController.swift in Sources */,
				000D802B2427F738005E0CA1 /* AppIconsViewController.swift in Sources */,
				5D4B27E023F21D8100A23478 /* OptionsViewController.swift in Sources */,
				5D9CEC0E23EBE8B9004521D8 /* CalculatorViewController.swift in Sources */,
				5D791A5923F51A8000C406A6 /* Functions.swift in Sources */,
				00C4E63F23EB7AC8005E125D /* SceneDelegate.swift in Sources */,
			);
			runOnlyForDeploymentPostprocessing = 0;
		};
/* End PBXSourcesBuildPhase section */

/* Begin PBXVariantGroup section */
		00C4E64223EB7AC8005E125D /* Main.storyboard */ = {
			isa = PBXVariantGroup;
			children = (
				00C4E64323EB7AC8005E125D /* Base */,
			);
			name = Main.storyboard;
			sourceTree = "<group>";
		};
		00C4E64723EB7AC9005E125D /* LaunchScreen.storyboard */ = {
			isa = PBXVariantGroup;
			children = (
				00C4E64823EB7AC9005E125D /* Base */,
			);
			name = LaunchScreen.storyboard;
			sourceTree = "<group>";
		};
/* End PBXVariantGroup section */

/* Begin XCBuildConfiguration section */
		00C4E64B23EB7AC9005E125D /* Debug */ = {
			isa = XCBuildConfiguration;
			buildSettings = {
				ALWAYS_SEARCH_USER_PATHS = NO;
				CLANG_ANALYZER_NONNULL = YES;
				CLANG_ANALYZER_NUMBER_OBJECT_CONVERSION = YES_AGGRESSIVE;
				CLANG_CXX_LANGUAGE_STANDARD = "gnu++14";
				CLANG_CXX_LIBRARY = "libc++";
				CLANG_ENABLE_MODULES = YES;
				CLANG_ENABLE_OBJC_ARC = YES;
				CLANG_ENABLE_OBJC_WEAK = YES;
				CLANG_WARN_BLOCK_CAPTURE_AUTORELEASING = YES;
				CLANG_WARN_BOOL_CONVERSION = YES;
				CLANG_WARN_COMMA = YES;
				CLANG_WARN_CONSTANT_CONVERSION = YES;
				CLANG_WARN_DEPRECATED_OBJC_IMPLEMENTATIONS = YES;
				CLANG_WARN_DIRECT_OBJC_ISA_USAGE = YES_ERROR;
				CLANG_WARN_DOCUMENTATION_COMMENTS = YES;
				CLANG_WARN_EMPTY_BODY = YES;
				CLANG_WARN_ENUM_CONVERSION = YES;
				CLANG_WARN_INFINITE_RECURSION = YES;
				CLANG_WARN_INT_CONVERSION = YES;
				CLANG_WARN_NON_LITERAL_NULL_CONVERSION = YES;
				CLANG_WARN_OBJC_IMPLICIT_RETAIN_SELF = YES;
				CLANG_WARN_OBJC_LITERAL_CONVERSION = YES;
				CLANG_WARN_OBJC_ROOT_CLASS = YES_ERROR;
				CLANG_WARN_RANGE_LOOP_ANALYSIS = YES;
				CLANG_WARN_STRICT_PROTOTYPES = YES;
				CLANG_WARN_SUSPICIOUS_MOVE = YES;
				CLANG_WARN_UNGUARDED_AVAILABILITY = YES_AGGRESSIVE;
				CLANG_WARN_UNREACHABLE_CODE = YES;
				CLANG_WARN__DUPLICATE_METHOD_MATCH = YES;
				COPY_PHASE_STRIP = NO;
				DEBUG_INFORMATION_FORMAT = dwarf;
				ENABLE_STRICT_OBJC_MSGSEND = YES;
				ENABLE_TESTABILITY = YES;
				GCC_C_LANGUAGE_STANDARD = gnu11;
				GCC_DYNAMIC_NO_PIC = NO;
				GCC_NO_COMMON_BLOCKS = YES;
				GCC_OPTIMIZATION_LEVEL = 0;
				GCC_PREPROCESSOR_DEFINITIONS = (
					"DEBUG=1",
					"$(inherited)",
				);
				GCC_WARN_64_TO_32_BIT_CONVERSION = YES;
				GCC_WARN_ABOUT_RETURN_TYPE = YES_ERROR;
				GCC_WARN_UNDECLARED_SELECTOR = YES;
				GCC_WARN_UNINITIALIZED_AUTOS = YES_AGGRESSIVE;
				GCC_WARN_UNUSED_FUNCTION = YES;
				GCC_WARN_UNUSED_VARIABLE = YES;
				IPHONEOS_DEPLOYMENT_TARGET = 13.2;
				MTL_ENABLE_DEBUG_INFO = INCLUDE_SOURCE;
				MTL_FAST_MATH = YES;
				ONLY_ACTIVE_ARCH = YES;
				SDKROOT = iphoneos;
				SWIFT_ACTIVE_COMPILATION_CONDITIONS = DEBUG;
				SWIFT_OPTIMIZATION_LEVEL = "-Onone";
			};
			name = Debug;
		};
		00C4E64C23EB7AC9005E125D /* Release */ = {
			isa = XCBuildConfiguration;
			buildSettings = {
				ALWAYS_SEARCH_USER_PATHS = NO;
				CLANG_ANALYZER_NONNULL = YES;
				CLANG_ANALYZER_NUMBER_OBJECT_CONVERSION = YES_AGGRESSIVE;
				CLANG_CXX_LANGUAGE_STANDARD = "gnu++14";
				CLANG_CXX_LIBRARY = "libc++";
				CLANG_ENABLE_MODULES = YES;
				CLANG_ENABLE_OBJC_ARC = YES;
				CLANG_ENABLE_OBJC_WEAK = YES;
				CLANG_WARN_BLOCK_CAPTURE_AUTORELEASING = YES;
				CLANG_WARN_BOOL_CONVERSION = YES;
				CLANG_WARN_COMMA = YES;
				CLANG_WARN_CONSTANT_CONVERSION = YES;
				CLANG_WARN_DEPRECATED_OBJC_IMPLEMENTATIONS = YES;
				CLANG_WARN_DIRECT_OBJC_ISA_USAGE = YES_ERROR;
				CLANG_WARN_DOCUMENTATION_COMMENTS = YES;
				CLANG_WARN_EMPTY_BODY = YES;
				CLANG_WARN_ENUM_CONVERSION = YES;
				CLANG_WARN_INFINITE_RECURSION = YES;
				CLANG_WARN_INT_CONVERSION = YES;
				CLANG_WARN_NON_LITERAL_NULL_CONVERSION = YES;
				CLANG_WARN_OBJC_IMPLICIT_RETAIN_SELF = YES;
				CLANG_WARN_OBJC_LITERAL_CONVERSION = YES;
				CLANG_WARN_OBJC_ROOT_CLASS = YES_ERROR;
				CLANG_WARN_RANGE_LOOP_ANALYSIS = YES;
				CLANG_WARN_STRICT_PROTOTYPES = YES;
				CLANG_WARN_SUSPICIOUS_MOVE = YES;
				CLANG_WARN_UNGUARDED_AVAILABILITY = YES_AGGRESSIVE;
				CLANG_WARN_UNREACHABLE_CODE = YES;
				CLANG_WARN__DUPLICATE_METHOD_MATCH = YES;
				COPY_PHASE_STRIP = NO;
				DEBUG_INFORMATION_FORMAT = "dwarf-with-dsym";
				ENABLE_NS_ASSERTIONS = NO;
				ENABLE_STRICT_OBJC_MSGSEND = YES;
				GCC_C_LANGUAGE_STANDARD = gnu11;
				GCC_NO_COMMON_BLOCKS = YES;
				GCC_WARN_64_TO_32_BIT_CONVERSION = YES;
				GCC_WARN_ABOUT_RETURN_TYPE = YES_ERROR;
				GCC_WARN_UNDECLARED_SELECTOR = YES;
				GCC_WARN_UNINITIALIZED_AUTOS = YES_AGGRESSIVE;
				GCC_WARN_UNUSED_FUNCTION = YES;
				GCC_WARN_UNUSED_VARIABLE = YES;
				IPHONEOS_DEPLOYMENT_TARGET = 13.2;
				MTL_ENABLE_DEBUG_INFO = NO;
				MTL_FAST_MATH = YES;
				SDKROOT = iphoneos;
				SWIFT_COMPILATION_MODE = wholemodule;
				SWIFT_OPTIMIZATION_LEVEL = "-O";
				VALIDATE_PRODUCT = YES;
			};
			name = Release;
		};
		00C4E64E23EB7AC9005E125D /* Debug */ = {
			isa = XCBuildConfiguration;
			buildSettings = {
				ASSETCATALOG_COMPILER_APPICON_NAME = AppIcon;
				CODE_SIGN_ENTITLEMENTS = Figurer/Figurer.entitlements;
				CODE_SIGN_STYLE = Automatic;
				DEVELOPMENT_TEAM = 3HNBGF82F9;
				INFOPLIST_FILE = Figurer/Info.plist;
				LD_RUNPATH_SEARCH_PATHS = (
					"$(inherited)",
					"@executable_path/Frameworks",
				);
				PRODUCT_BUNDLE_IDENTIFIER = com.Figurer;
				PRODUCT_NAME = "$(TARGET_NAME)";
				SUPPORTS_MACCATALYST = NO;
				SWIFT_VERSION = 5.0;
				TARGETED_DEVICE_FAMILY = "1,2";
			};
			name = Debug;
		};
		00C4E64F23EB7AC9005E125D /* Release */ = {
			isa = XCBuildConfiguration;
			buildSettings = {
				ASSETCATALOG_COMPILER_APPICON_NAME = AppIcon;
				CODE_SIGN_ENTITLEMENTS = Figurer/Figurer.entitlements;
				CODE_SIGN_STYLE = Automatic;
				DEVELOPMENT_TEAM = 3HNBGF82F9;
				INFOPLIST_FILE = Figurer/Info.plist;
				LD_RUNPATH_SEARCH_PATHS = (
					"$(inherited)",
					"@executable_path/Frameworks",
				);
				PRODUCT_BUNDLE_IDENTIFIER = com.Figurer;
				PRODUCT_NAME = "$(TARGET_NAME)";
				SUPPORTS_MACCATALYST = NO;
				SWIFT_VERSION = 5.0;
				TARGETED_DEVICE_FAMILY = "1,2";
			};
			name = Release;
		};
/* End XCBuildConfiguration section */

/* Begin XCConfigurationList section */
		00C4E63423EB7AC8005E125D /* Build configuration list for PBXProject "Figurer" */ = {
			isa = XCConfigurationList;
			buildConfigurations = (
				00C4E64B23EB7AC9005E125D /* Debug */,
				00C4E64C23EB7AC9005E125D /* Release */,
			);
			defaultConfigurationIsVisible = 0;
			defaultConfigurationName = Release;
		};
		00C4E64D23EB7AC9005E125D /* Build configuration list for PBXNativeTarget "Figurer" */ = {
			isa = XCConfigurationList;
			buildConfigurations = (
				00C4E64E23EB7AC9005E125D /* Debug */,
				00C4E64F23EB7AC9005E125D /* Release */,
			);
			defaultConfigurationIsVisible = 0;
			defaultConfigurationName = Release;
		};
/* End XCConfigurationList section */
	};
	rootObject = 00C4E63123EB7AC8005E125D /* Project object */;
}
